// !$*UTF8*$!
{
 archiveVersion = 1;
 classes = {};
 objectVersion = 56;
 objects = {
  B00000000000000000000001 = {isa = PBXFileReference; lastKnownFileType = sourcecode.swift; path = "SwordDuel/Core/UIAssets.swift"; sourceTree = "<group>"; };
  B00000000000000000000002 = {isa = PBXBuildFile; fileRef = B00000000000000000000001; };
  000000000000000000000064 /* AIController.swift */ = {isa = PBXFileReference; lastKnownFileType = sourcecode.swift; path = "SwordDuel/AI/AIController.swift"; sourceTree = "<group>"; };
  000000000000000000000065 /* AIController.swift in Sources */ = {isa = PBXBuildFile; fileRef = 000000000000000000000064 /* AIController.swift */; };
  000000000000000000000067 /* AnimationController.swift */ = {isa = PBXFileReference; lastKnownFileType = sourcecode.swift; path = "SwordDuel/Core/AnimationController.swift"; sourceTree = "<group>"; };
  000000000000000000000068 /* AnimationController.swift in Sources */ = {isa = PBXBuildFile; fileRef = 000000000000000000000067 /* AnimationController.swift */; };
  00000000000000000000006A /* HitboxSystem.swift */ = {isa = PBXFileReference; lastKnownFileType = sourcecode.swift; path = "SwordDuel/Core/HitboxSystem.swift"; sourceTree = "<group>"; };
  00000000000000000000006B /* HitboxSystem.swift in Sources */ = {isa = PBXBuildFile; fileRef = 00000000000000000000006A /* HitboxSystem.swift */; };
  00000000000000000000006D /* SceneStyle.swift */ = {isa = PBXFileReference; lastKnownFileType = sourcecode.swift; path = "SwordDuel/Core/SceneStyle.swift"; sourceTree = "<group>"; };
  00000000000000000000006E /* SceneStyle.swift in Sources */ = {isa = PBXBuildFile; fileRef = 00000000000000000000006D /* SceneStyle.swift */; };
  000000000000000000000070 /* SpriteSheet.swift */ = {isa = PBXFileReference; lastKnownFileType = sourcecode.swift; path = "SwordDuel/Core/SpriteSheet.swift"; sourceTree = "<group>"; };
  000000000000000000000071 /* SpriteSheet.swift in Sources */ = {isa = PBXBuildFile; fileRef = 000000000000000000000070 /* SpriteSheet.swift */; };
  000000000000000000000073 /* StateMachine.swift */ = {isa = PBXFileReference; lastKnownFileType = sourcecode.swift; path = "SwordDuel/Core/StateMachine.swift"; sourceTree = "<group>"; };
  000000000000000000000074 /* StateMachine.swift in Sources */ = {isa = PBXBuildFile; fileRef = 000000000000000000000073 /* StateMachine.swift */; };
  000000000000000000000076 /* CharacterData.swift */ = {isa = PBXFileReference; lastKnownFileType = sourcecode.swift; path = "SwordDuel/Data/CharacterData.swift"; sourceTree = "<group>"; };
  000000000000000000000077 /* CharacterData.swift in Sources */ = {isa = PBXBuildFile; fileRef = 000000000000000000000076 /* CharacterData.swift */; };
  000000000000000000000079 /* EffectNode.swift */ = {isa = PBXFileReference; lastKnownFileType = sourcecode.swift; path = "SwordDuel/Entities/EffectNode.swift"; sourceTree = "<group>"; };
  00000000000000000000007A /* EffectNode.swift in Sources */ = {isa = PBXBuildFile; fileRef = 000000000000000000000079 /* EffectNode.swift */; };
  00000000000000000000007C /* Fighter.swift */ = {isa = PBXFileReference; lastKnownFileType = sourcecode.swift; path = "SwordDuel/Entities/Fighter.swift"; sourceTree = "<group>"; };
  00000000000000000000007D /* Fighter.swift in Sources */ = {isa = PBXBuildFile; fileRef = 00000000000000000000007C /* Fighter.swift */; };
  00000000000000000000007F /* Projectile.swift */ = {isa = PBXFileReference; lastKnownFileType = sourcecode.swift; path = "SwordDuel/Entities/Projectile.swift"; sourceTree = "<group>"; };
  000000000000000000000080 /* Projectile.swift in Sources */ = {isa = PBXBuildFile; fileRef = 00000000000000000000007F /* Projectile.swift */; };
  000000000000000000000082 /* GameApp.swift */ = {isa = PBXFileReference; lastKnownFileType = sourcecode.swift; path = "SwordDuel/GameApp.swift"; sourceTree = "<group>"; };
  000000000000000000000083 /* GameApp.swift in Sources */ = {isa = PBXBuildFile; fileRef = 000000000000000000000082 /* GameApp.swift */; };
  000000000000000000000085 /* KeyboardInput.swift */ = {isa = PBXFileReference; lastKnownFileType = sourcecode.swift; path = "SwordDuel/Input/KeyboardInput.swift"; sourceTree = "<group>"; };
  000000000000000000000086 /* KeyboardInput.swift in Sources */ = {isa = PBXBuildFile; fileRef = 000000000000000000000085 /* KeyboardInput.swift */; };
  000000000000000000000088 /* TouchControls.swift */ = {isa = PBXFileReference; lastKnownFileType = sourcecode.swift; path = "SwordDuel/Input/TouchControls.swift"; sourceTree = "<group>"; };
  000000000000000000000089 /* TouchControls.swift in Sources */ = {isa = PBXBuildFile; fileRef = 000000000000000000000088 /* TouchControls.swift */; };
  00000000000000000000008B /* ArenaBackground.swift */ = {isa = PBXFileReference; lastKnownFileType = sourcecode.swift; path = "SwordDuel/Scenes/ArenaBackground.swift"; sourceTree = "<group>"; };
  00000000000000000000008C /* ArenaBackground.swift in Sources */ = {isa = PBXBuildFile; fileRef = 00000000000000000000008B /* ArenaBackground.swift */; };
  00000000000000000000008E /* FightScene.swift */ = {isa = PBXFileReference; lastKnownFileType = sourcecode.swift; path = "SwordDuel/Scenes/FightScene.swift"; sourceTree = "<group>"; };
  00000000000000000000008F /* FightScene.swift in Sources */ = {isa = PBXBuildFile; fileRef = 00000000000000000000008E /* FightScene.swift */; };
  000000000000000000000091 /* ResultScene.swift */ = {isa = PBXFileReference; lastKnownFileType = sourcecode.swift; path = "SwordDuel/Scenes/ResultScene.swift"; sourceTree = "<group>"; };
  000000000000000000000092 /* ResultScene.swift in Sources */ = {isa = PBXBuildFile; fileRef = 000000000000000000000091 /* ResultScene.swift */; };
  000000000000000000000094 /* SelectScene.swift */ = {isa = PBXFileReference; lastKnownFileType = sourcecode.swift; path = "SwordDuel/Scenes/SelectScene.swift"; sourceTree = "<group>"; };
  000000000000000000000095 /* SelectScene.swift in Sources */ = {isa = PBXBuildFile; fileRef = 000000000000000000000094 /* SelectScene.swift */; };
  000000000000000000000097 /* TitleScene.swift */ = {isa = PBXFileReference; lastKnownFileType = sourcecode.swift; path = "SwordDuel/Scenes/TitleScene.swift"; sourceTree = "<group>"; };
  000000000000000000000098 /* TitleScene.swift in Sources */ = {isa = PBXBuildFile; fileRef = 000000000000000000000097 /* TitleScene.swift */; };
  00000000000000000000009A /* Characters.json */ = {isa = PBXFileReference; lastKnownFileType = text.json; path = "SwordDuel/Data/Characters.json"; sourceTree = "<group>"; };
  00000000000000000000009B /* Characters.json in Resources */ = {isa = PBXBuildFile; fileRef = 00000000000000000000009A /* Characters.json */; };
  B00000000000000000000003 /* MapData.swift */ = {isa = PBXFileReference; lastKnownFileType = sourcecode.swift; path = "SwordDuel/Data/MapData.swift"; sourceTree = "<group>"; };
  B00000000000000000000004 /* MapData.swift in Sources */ = {isa = PBXBuildFile; fileRef = B00000000000000000000003 /* MapData.swift */; };
  B00000000000000000000007 /* ArenaTerrain.swift */ = {isa = PBXFileReference; lastKnownFileType = sourcecode.swift; path = "SwordDuel/Scenes/ArenaTerrain.swift"; sourceTree = "<group>"; };
  B00000000000000000000008 /* ArenaTerrain.swift in Sources */ = {isa = PBXBuildFile; fileRef = B00000000000000000000007 /* ArenaTerrain.swift */; };
  B00000000000000000000009 /* StageData.swift */ = {isa = PBXFileReference; lastKnownFileType = sourcecode.swift; path = "SwordDuel/Data/StageData.swift"; sourceTree = "<group>"; };
  B0000000000000000000000A /* StageData.swift in Sources */ = {isa = PBXBuildFile; fileRef = B00000000000000000000009 /* StageData.swift */; };
  B0000000000000000000000B /* Monster.swift */ = {isa = PBXFileReference; lastKnownFileType = sourcecode.swift; path = "SwordDuel/Entities/Monster.swift"; sourceTree = "<group>"; };
  B0000000000000000000000C /* Monster.swift in Sources */ = {isa = PBXBuildFile; fileRef = B0000000000000000000000B /* Monster.swift */; };
  B0000000000000000000000D /* StageScene.swift */ = {isa = PBXFileReference; lastKnownFileType = sourcecode.swift; path = "SwordDuel/Scenes/StageScene.swift"; sourceTree = "<group>"; };
  B0000000000000000000000E /* StageScene.swift in Sources */ = {isa = PBXBuildFile; fileRef = B0000000000000000000000D /* StageScene.swift */; };
  B0000000000000000000000F /* Monsters.json */ = {isa = PBXFileReference; lastKnownFileType = text.json; path = "SwordDuel/Data/Monsters.json"; sourceTree = "<group>"; };
  B00000000000000000000010 /* Monsters.json in Resources */ = {isa = PBXBuildFile; fileRef = B0000000000000000000000F /* Monsters.json */; };
  B00000000000000000000011 /* Stages.json */ = {isa = PBXFileReference; lastKnownFileType = text.json; path = "SwordDuel/Data/Stages.json"; sourceTree = "<group>"; };
  B00000000000000000000012 /* Stages.json in Resources */ = {isa = PBXBuildFile; fileRef = B00000000000000000000011 /* Stages.json */; };
  B00000000000000000000013 /* CombatSystem.swift */ = {isa = PBXFileReference; lastKnownFileType = sourcecode.swift; path = "SwordDuel/Core/CombatSystem.swift"; sourceTree = "<group>"; };
  B00000000000000000000014 /* CombatSystem.swift in Sources */ = {isa = PBXBuildFile; fileRef = B00000000000000000000013 /* CombatSystem.swift */; };
  B00000000000000000000015 /* CombatHUD.swift */ = {isa = PBXFileReference; lastKnownFileType = sourcecode.swift; path = "SwordDuel/Core/CombatHUD.swift"; sourceTree = "<group>"; };
  B00000000000000000000016 /* CombatHUD.swift in Sources */ = {isa = PBXBuildFile; fileRef = B00000000000000000000015 /* CombatHUD.swift */; };
  B00000000000000000000017 /* PlayerInputRouter.swift */ = {isa = PBXFileReference; lastKnownFileType = sourcecode.swift; path = "SwordDuel/Input/PlayerInputRouter.swift"; sourceTree = "<group>"; };
  B00000000000000000000018 /* PlayerInputRouter.swift in Sources */ = {isa = PBXBuildFile; fileRef = B00000000000000000000017 /* PlayerInputRouter.swift */; };
  B00000000000000000000005 /* Maps.json */ = {isa = PBXFileReference; lastKnownFileType = text.json; path = "SwordDuel/Data/Maps.json"; sourceTree = "<group>"; };
  B00000000000000000000006 /* Maps.json in Resources */ = {isa = PBXBuildFile; fileRef = B00000000000000000000005 /* Maps.json */; };
  A0000000000000000000000F /* Assets in Resources */ = {isa = PBXBuildFile; fileRef = A00000000000000000000010 /* Assets */; };
  A00000000000000000000010 /* Assets */ = {isa = PBXFileReference; lastKnownFileType = folder; path = "SwordDuel/Resources/Assets"; sourceTree = "<group>"; };
  A00000000000000000000001 /* SwordDuel.app */ = {isa = PBXFileReference; explicitFileType = wrapper.application; includeInIndex = 0; path = SwordDuel.app; sourceTree = BUILT_PRODUCTS_DIR; };
  A00000000000000000000002 /* Main Group */ = {isa = PBXGroup; children = (
    B00000000000000000000001,
    000000000000000000000064 /* AIController.swift */,
    000000000000000000000067 /* AnimationController.swift */,
    00000000000000000000006A /* HitboxSystem.swift */,
    00000000000000000000006D /* SceneStyle.swift */,
    000000000000000000000070 /* SpriteSheet.swift */,
    000000000000000000000073 /* StateMachine.swift */,
    000000000000000000000076 /* CharacterData.swift */,
    B00000000000000000000003 /* MapData.swift */,
    000000000000000000000079 /* EffectNode.swift */,
    00000000000000000000007C /* Fighter.swift */,
    00000000000000000000007F /* Projectile.swift */,
    000000000000000000000082 /* GameApp.swift */,
    000000000000000000000085 /* KeyboardInput.swift */,
    000000000000000000000088 /* TouchControls.swift */,
    00000000000000000000008B /* ArenaBackground.swift */,
    B00000000000000000000007 /* ArenaTerrain.swift */,
    00000000000000000000008E /* FightScene.swift */,
    000000000000000000000091 /* ResultScene.swift */,
    000000000000000000000094 /* SelectScene.swift */,
    000000000000000000000097 /* TitleScene.swift */,
    00000000000000000000009A /* Characters.json */,
    B00000000000000000000005 /* Maps.json */,
    B00000000000000000000009 /* StageData.swift */,
    B0000000000000000000000B /* Monster.swift */,
    B0000000000000000000000D /* StageScene.swift */,
    B0000000000000000000000F /* Monsters.json */,
    B00000000000000000000011 /* Stages.json */,
    B00000000000000000000013 /* CombatSystem.swift */,
    B00000000000000000000015 /* CombatHUD.swift */,
    B00000000000000000000017 /* PlayerInputRouter.swift */,
    A00000000000000000000010 /* Assets */,
    A00000000000000000000003 /* Products */, ); sourceTree = "<group>"; };
  A00000000000000000000003 /* Products */ = {isa = PBXGroup; children = (A00000000000000000000001 /* SwordDuel.app */,); name = Products; sourceTree = "<group>"; };
  A00000000000000000000004 /* Sources */ = {isa = PBXSourcesBuildPhase; buildActionMask = 2147483647; files = (
    B00000000000000000000002,
    000000000000000000000065 /* AIController.swift in Sources */,
    000000000000000000000068 /* AnimationController.swift in Sources */,
    00000000000000000000006B /* HitboxSystem.swift in Sources */,
    00000000000000000000006E /* SceneStyle.swift in Sources */,
    000000000000000000000071 /* SpriteSheet.swift in Sources */,
    000000000000000000000074 /* StateMachine.swift in Sources */,
    000000000000000000000077 /* CharacterData.swift in Sources */,
    B00000000000000000000004 /* MapData.swift in Sources */,
    B00000000000000000000018 /* PlayerInputRouter.swift in Sources */,
    B00000000000000000000016 /* CombatHUD.swift in Sources */,
    B00000000000000000000014 /* CombatSystem.swift in Sources */,
    B0000000000000000000000E /* StageScene.swift in Sources */,
    B0000000000000000000000C /* Monster.swift in Sources */,
    B0000000000000000000000A /* StageData.swift in Sources */,
    00000000000000000000007A /* EffectNode.swift in Sources */,
    00000000000000000000007D /* Fighter.swift in Sources */,
    000000000000000000000080 /* Projectile.swift in Sources */,
    000000000000000000000083 /* GameApp.swift in Sources */,
    000000000000000000000086 /* KeyboardInput.swift in Sources */,
    000000000000000000000089 /* TouchControls.swift in Sources */,
    00000000000000000000008C /* ArenaBackground.swift in Sources */,
    B00000000000000000000008 /* ArenaTerrain.swift in Sources */,
    00000000000000000000008F /* FightScene.swift in Sources */,
    000000000000000000000092 /* ResultScene.swift in Sources */,
    000000000000000000000095 /* SelectScene.swift in Sources */,
    000000000000000000000098 /* TitleScene.swift in Sources */,
  ); runOnlyForDeploymentPostprocessing = 0; };
  A00000000000000000000005 /* Resources */ = {isa = PBXResourcesBuildPhase; buildActionMask = 2147483647; files = (
    A0000000000000000000000F /* Assets in Resources */,
    00000000000000000000009B /* Characters.json in Resources */,
    B00000000000000000000006 /* Maps.json in Resources */,
    B00000000000000000000012 /* Stages.json in Resources */,
    B00000000000000000000010 /* Monsters.json in Resources */,
  ); runOnlyForDeploymentPostprocessing = 0; };
  A00000000000000000000006 /* Frameworks */ = {isa = PBXFrameworksBuildPhase; buildActionMask = 2147483647; files = (); runOnlyForDeploymentPostprocessing = 0; };
  A00000000000000000000007 /* Target */ = {isa = PBXNativeTarget; buildConfigurationList = A00000000000000000000009; buildPhases = (A00000000000000000000004,A00000000000000000000006,A00000000000000000000005,); buildRules = (); dependencies = (); name = SwordDuel; productName = SwordDuel; productReference = A00000000000000000000001; productType = "com.apple.product-type.application"; };
  A00000000000000000000008 /* Project */ = {isa = PBXProject; attributes = { BuildIndependentTargetsInParallel = 1; LastUpgradeCheck = 1500; TargetAttributes = { A00000000000000000000007 = { CreatedOnToolsVersion = 15.0; }; }; }; buildConfigurationList = A0000000000000000000000A; compatibilityVersion = "Xcode 14.0"; developmentRegion = en; hasScannedForEncodings = 0; knownRegions = (en,Base,); mainGroup = A00000000000000000000002; productRefGroup = A00000000000000000000003; projectDirPath = ""; projectRoot = ""; targets = (A00000000000000000000007,); };
  A00000000000000000000009 /* Target Configs */ = {isa = XCConfigurationList; buildConfigurations = (A0000000000000000000000B,A0000000000000000000000C,); defaultConfigurationIsVisible = 0; defaultConfigurationName = Release; };
  A0000000000000000000000A /* Project Configs */ = {isa = XCConfigurationList; buildConfigurations = (A0000000000000000000000D,A0000000000000000000000E,); defaultConfigurationIsVisible = 0; defaultConfigurationName = Release; };
  A0000000000000000000000B /* Debug */ = {isa = XCBuildConfiguration; buildSettings = { SWIFT_OPTIMIZATION_LEVEL = "-Onone"; PRODUCT_BUNDLE_IDENTIFIER = com.example.SwordDuel; PRODUCT_NAME = "$(TARGET_NAME)"; GENERATE_INFOPLIST_FILE = NO; ALWAYS_SEARCH_USER_PATHS = NO; INFOPLIST_FILE = SwordDuel/Resources/Info.plist; TARGETED_DEVICE_FAMILY = 1; ASSETCATALOG_COMPILER_GENERATE_SWIFT_ASSET_SYMBOL_EXTENSIONS = NO; CODE_SIGN_STYLE = Automatic; }; name = Debug; };
  A0000000000000000000000C /* Release */ = {isa = XCBuildConfiguration; buildSettings = { SWIFT_OPTIMIZATION_LEVEL = "-O"; PRODUCT_BUNDLE_IDENTIFIER = com.example.SwordDuel; PRODUCT_NAME = "$(TARGET_NAME)"; GENERATE_INFOPLIST_FILE = NO; ALWAYS_SEARCH_USER_PATHS = NO; INFOPLIST_FILE = SwordDuel/Resources/Info.plist; TARGETED_DEVICE_FAMILY = 1; ASSETCATALOG_COMPILER_GENERATE_SWIFT_ASSET_SYMBOL_EXTENSIONS = NO; CODE_SIGN_STYLE = Automatic; }; name = Release; };
  A0000000000000000000000D /* Debug */ = {isa = XCBuildConfiguration; buildSettings = { SWIFT_VERSION = 5.9; IPHONEOS_DEPLOYMENT_TARGET = 16.0; SDKROOT = iphoneos; }; name = Debug; };
  A0000000000000000000000E /* Release */ = {isa = XCBuildConfiguration; buildSettings = { SWIFT_VERSION = 5.9; IPHONEOS_DEPLOYMENT_TARGET = 16.0; SDKROOT = iphoneos; }; name = Release; };
 };
 rootObject = A00000000000000000000008 /* Project */;
}
